
Microsoft Visual Studio Solution File, Format Version 12.00
# Visual Studio 14
VisualStudioVersion = 14.0.25420.1
MinimumVisualStudioVersion = 10.0.40219.1
Project("{FAE04EC0-301F-11D3-BF4B-00C04F79EFBC}") = "PharmacyConnect.WebApi", "PharmacyConnectWebApi\PharmacyConnect.WebApi.csproj", "{6741F8DA-3554-473B-AF72-C20AF256D1EB}"
EndProject
Project("{FAE04EC0-301F-11D3-BF4B-00C04F79EFBC}") = "PharmacyConnectWebApi.Tests", "PharmacyConnectWebApi.Tests\PharmacyConnectWebApi.Tests.csproj", "{28D94F71-C63F-4250-854A-AE1735E772C9}"
EndProject
Project("{FAE04EC0-301F-11D3-BF4B-00C04F79EFBC}") = "PharmacyConnect.PharmacyAccessorService", "PharmacyConnect.PharmacyAccessors\PharmacyConnect.PharmacyAccessorService.csproj", "{A2F9329E-7B4E-4E95-A778-072797F35ED5}"
EndProject
Global
	GlobalSection(SolutionConfigurationPlatforms) = preSolution
		Debug|Any CPU = Debug|Any CPU
		Release|Any CPU = Release|Any CPU
	EndGlobalSection
	GlobalSection(ProjectConfigurationPlatforms) = postSolution
		{6741F8DA-3554-473B-AF72-C20AF256D1EB}.Debug|Any CPU.ActiveCfg = Debug|Any CPU
		{6741F8DA-3554-473B-AF72-C20AF256D1EB}.Debug|Any CPU.Build.0 = Debug|Any CPU
		{6741F8DA-3554-473B-AF72-C20AF256D1EB}.Release|Any CPU.ActiveCfg = Release|Any CPU
		{6741F8DA-3554-473B-AF72-C20AF256D1EB}.Release|Any CPU.Build.0 = Release|Any CPU
		{28D94F71-C63F-4250-854A-AE1735E772C9}.Debug|Any CPU.ActiveCfg = Debug|Any CPU
		{28D94F71-C63F-4250-854A-AE1735E772C9}.Debug|Any CPU.Build.0 = Debug|Any CPU
		{28D94F71-C63F-4250-854A-AE1735E772C9}.Release|Any CPU.ActiveCfg = Release|Any CPU
		{28D94F71-C63F-4250-854A-AE1735E772C9}.Release|Any CPU.Build.0 = Release|Any CPU
		{A2F9329E-7B4E-4E95-A778-072797F35ED5}.Debug|Any CPU.ActiveCfg = Debug|Any CPU
		{A2F9329E-7B4E-4E95-A778-072797F35ED5}.Debug|Any CPU.Build.0 = Debug|Any CPU
		{A2F9329E-7B4E-4E95-A778-072797F35ED5}.Release|Any CPU.ActiveCfg = Release|Any CPU
		{A2F9329E-7B4E-4E95-A778-072797F35ED5}.Release|Any CPU.Build.0 = Release|Any CPU
	EndGlobalSection
	GlobalSection(SolutionProperties) = preSolution
		HideSolutionNode = FALSE
	EndGlobalSection
EndGlobal
